<?xml version="1.0" encoding="utf-8"?>
<Project ToolsVersion="4.0" xmlns="http://schemas.microsoft.com/developer/msbuild/2003">
  <ItemGroup>
    <Filter Include=".h">
      <UniqueIdentifier>{8e32024d-9777-4ac5-a9e0-b4f6c840597a}</UniqueIdentifier>
    </Filter>
    <Filter Include=".cpp">
      <UniqueIdentifier>{bfbd51b3-468a-4521-9d20-78ccba5ce001}</UniqueIdentifier>
    </Filter>
  </ItemGroup>
  <ItemGroup>
    <ClCompile Include=".cpp\Camera.cpp">
      <Filter>.cpp</Filter>
    </ClCompile>
    <ClCompile Include=".cpp\Constants.cpp">
      <Filter>.cpp</Filter>
    </ClCompile>
    <ClCompile Include=".cpp\Gameobject.cpp">
      <Filter>.cpp</Filter>
    </ClCompile>
    <ClCompile Include=".cpp\Gamestate.cpp">
      <Filter>.cpp</Filter>
    </ClCompile>
    <ClCompile Include=".cpp\main.cpp">
      <Filter>.cpp</Filter>
    </ClCompile>
    <ClCompile Include=".cpp\NPC.cpp">
      <Filter>.cpp</Filter>
    </ClCompile>
    <ClCompile Include=".cpp\NPCmanager.cpp">
      <Filter>.cpp</Filter>
    </ClCompile>
    <ClCompile Include=".cpp\Player.cpp">
      <Filter>.cpp</Filter>
    </ClCompile>
    <ClCompile Include=".cpp\Projectile.cpp">
      <Filter>.cpp</Filter>
    </ClCompile>
    <ClCompile Include=".cpp\Projsmanager.cpp">
      <Filter>.cpp</Filter>
    </ClCompile>
    <ClCompile Include=".cpp\Tileset.cpp">
      <Filter>.cpp</Filter>
    </ClCompile>
    <ClCompile Include=".cpp\Utils.cpp">
      <Filter>.cpp</Filter>
    </ClCompile>
    <ClCompile Include=".cpp\World.cpp">
      <Filter>.cpp</Filter>
    </ClCompile>
  </ItemGroup>
  <ItemGroup>
    <ClInclude Include=".h\Camera.h">
      <Filter>.h</Filter>
    </ClInclude>
    <ClInclude Include=".h\Constants.h">
      <Filter>.h</Filter>
    </ClInclude>
    <ClInclude Include=".h\Gameobject.h">
      <Filter>.h</Filter>
    </ClInclude>
    <ClInclude Include=".h\GamesEngineeringBase.h">
      <Filter>.h</Filter>
    </ClInclude>
    <ClInclude Include=".h\Gamestate.h">
      <Filter>.h</Filter>
    </ClInclude>
    <ClInclude Include=".h\NPC.h">
      <Filter>.h</Filter>
    </ClInclude>
    <ClInclude Include=".h\NPCmanager.h">
      <Filter>.h</Filter>
    </ClInclude>
    <ClInclude Include=".h\Player.h">
      <Filter>.h</Filter>
    </ClInclude>
    <ClInclude Include=".h\Projectile.h">
      <Filter>.h</Filter>
    </ClInclude>
    <ClInclude Include=".h\Projsmanager.h">
      <Filter>.h</Filter>
    </ClInclude>
    <ClInclude Include=".h\World.h">
      <Filter>.h</Filter>
    </ClInclude>
  </ItemGroup>
</Project>